{
  "nodes": {
    "nixpkgs": {
      "locked": {
        "lastModified": 1651024496,
        "narHash": "sha256-uKSrrw/neSkxX6TXPSaMyfu7iKzFrK7F6HOt6vQefGY=",
        "owner": "NixOS",
        "repo": "nixpkgs",
        "rev": "d9e593ed5889f3906dc72811c45bf684be8865cf",
        "type": "github"
      },
      "original": {
        "id": "nixpkgs",
        "type": "indirect"
      }
    },
    "root": {
      "inputs": {
        "nixpkgs": "nixpkgs"
      }
    }
  },
  "root": "root",
  "version": 7
}
